PODS:
  - AFHTTPRequestOperationLogger (0.10.0):
    - AFNetworking (>= 0.9.0)
  - AFNetworking (1.2.1):
    - RXCollections
  - Expecta (0.2.1)
  - LRMocky (0.9.1x)
  - OCHamcrest (2.0.1)
  - OCMock (2.1.1)
  - OHHTTPStubs (1.1.1)
  - RXCollections (1.0)

DEPENDENCIES:
  - AFHTTPRequestOperationLogger (~> 0.10.0)
  - AFNetworking (from `../`)
  - Expecta (~> 0.2.1)
  - LRMocky (from `/Users/rhgill/Code/vendor/LRMocky`)
  - OCHamcrest
  - OCMock (~> 2.1.1)
  - OHHTTPStubs

EXTERNAL SOURCES:
  AFNetworking:
    :path: ../
  LRMocky:
    :path: /Users/rhgill/Code/vendor/LRMocky

SPEC CHECKSUMS:
  AFHTTPRequestOperationLogger: 34ba125cb9eeb77a3b67aaaca105720ba3a0798c
  AFNetworking: 13e1c525837ee5d111a2d3d23bd9668ea24f01b6
  Expecta: d46fb1bd78c90a83da0158b9b1e108de106e369f
  LRMocky: 6e2d031e27d5490d48404f006cdbc87ec71e2365
  OCHamcrest: 07dc0921b4c4ee7a3137e22d6a41ca236d93d2bf
  OCMock: 79212e5e328378af5cfd6edb5feacfd6c49cd8a3
  OHHTTPStubs: cb1cef742f2fba18b192fb92ede52a69cf3a04d5
  RXCollections: 7df8fcb97b433260a11ce226dd74b50545ff0a0f

COCOAPODS: 0.20.2
